// !$*UTF8*$!
{
	archiveVersion = 1;
	classes = {
	};
	objectVersion = 46;
	objects = {

/* Begin PBXBuildFile section */
		A5E96E691E693B440093FD42 /* main.m in Sources */ = {isa = PBXBuildFile; fileRef = A5E96E681E693B440093FD42 /* main.m */; };
		A5E96E6C1E693B440093FD42 /* AppDelegate.m in Sources */ = {isa = PBXBuildFile; fileRef = A5E96E6B1E693B440093FD42 /* AppDelegate.m */; };
		A5E96E6F1E693B440093FD42 /* ViewController.m in Sources */ = {isa = PBXBuildFile; fileRef = A5E96E6E1E693B440093FD42 /* ViewController.m */; };
		A5E96E721E693B440093FD42 /* Main.storyboard in Resources */ = {isa = PBXBuildFile; fileRef = A5E96E701E693B440093FD42 /* Main.storyboard */; };
		A5E96E741E693B440093FD42 /* Assets.xcassets in Resources */ = {isa = PBXBuildFile; fileRef = A5E96E731E693B440093FD42 /* Assets.xcassets */; };
		A5E96E771E693B440093FD42 /* LaunchScreen.storyboard in Resources */ = {isa = PBXBuildFile; fileRef = A5E96E751E693B440093FD42 /* LaunchScreen.storyboard */; };
		A5E96E821E693B440093FD42 /* ZHModel_DemoTests.m in Sources */ = {isa = PBXBuildFile; fileRef = A5E96E811E693B440093FD42 /* ZHModel_DemoTests.m */; };
		A5E96E941E69438C0093FD42 /* ZHResponseBaseModel.m in Sources */ = {isa = PBXBuildFile; fileRef = A5E96E931E69438C0093FD42 /* ZHResponseBaseModel.m */; };
		A5E96E9A1E699E9E0093FD42 /* ZHParamBaseModel.m in Sources */ = {isa = PBXBuildFile; fileRef = A5E96E991E699E9E0093FD42 /* ZHParamBaseModel.m */; };
		A5E96E9D1E699EE20093FD42 /* ZHViewBaseModel.m in Sources */ = {isa = PBXBuildFile; fileRef = A5E96E9C1E699EE20093FD42 /* ZHViewBaseModel.m */; };
		A5E96EA61E69A94D0093FD42 /* ZHRequestMethod.m in Sources */ = {isa = PBXBuildFile; fileRef = A5E96EA41E69A94D0093FD42 /* ZHRequestMethod.m */; };
		A5E96EAF1E69C2D90093FD42 /* Type1ResponseModel.m in Sources */ = {isa = PBXBuildFile; fileRef = A5E96EAE1E69C2D90093FD42 /* Type1ResponseModel.m */; };
		A5E96EB21E69C3070093FD42 /* Type2ResponseModel.m in Sources */ = {isa = PBXBuildFile; fileRef = A5E96EB11E69C3070093FD42 /* Type2ResponseModel.m */; };
		A5E96EB51E69C3190093FD42 /* Type3ResponseModel.m in Sources */ = {isa = PBXBuildFile; fileRef = A5E96EB41E69C3190093FD42 /* Type3ResponseModel.m */; };
		A5E96EB81E69C3A80093FD42 /* PublicViewBaseModel.m in Sources */ = {isa = PBXBuildFile; fileRef = A5E96EB71E69C3A80093FD42 /* PublicViewBaseModel.m */; };
/* End PBXBuildFile section */

/* Begin PBXContainerItemProxy section */
		A5E96E7E1E693B440093FD42 /* PBXContainerItemProxy */ = {
			isa = PBXContainerItemProxy;
			containerPortal = A5E96E5C1E693B440093FD42 /* Project object */;
			proxyType = 1;
			remoteGlobalIDString = A5E96E631E693B440093FD42;
			remoteInfo = ZHModel_Demo;
		};
/* End PBXContainerItemProxy section */

/* Begin PBXFileReference section */
		A5E96E641E693B440093FD42 /* ZHModel_Demo.app */ = {isa = PBXFileReference; explicitFileType = wrapper.application; includeInIndex = 0; path = ZHModel_Demo.app; sourceTree = BUILT_PRODUCTS_DIR; };
		A5E96E681E693B440093FD42 /* main.m */ = {isa = PBXFileReference; lastKnownFileType = sourcecode.c.objc; path = main.m; sourceTree = "<group>"; };
		A5E96E6A1E693B440093FD42 /* AppDelegate.h */ = {isa = PBXFileReference; lastKnownFileType = sourcecode.c.h; path = AppDelegate.h; sourceTree = "<group>"; };
		A5E96E6B1E693B440093FD42 /* AppDelegate.m */ = {isa = PBXFileReference; lastKnownFileType = sourcecode.c.objc; path = AppDelegate.m; sourceTree = "<group>"; };
		A5E96E6D1E693B440093FD42 /* ViewController.h */ = {isa = PBXFileReference; lastKnownFileType = sourcecode.c.h; path = ViewController.h; sourceTree = "<group>"; };
		A5E96E6E1E693B440093FD42 /* ViewController.m */ = {isa = PBXFileReference; lastKnownFileType = sourcecode.c.objc; path = ViewController.m; sourceTree = "<group>"; };
		A5E96E711E693B440093FD42 /* Base */ = {isa = PBXFileReference; lastKnownFileType = file.storyboard; name = Base; path = Base.lproj/Main.storyboard; sourceTree = "<group>"; };
		A5E96E731E693B440093FD42 /* Assets.xcassets */ = {isa = PBXFileReference; lastKnownFileType = folder.assetcatalog; path = Assets.xcassets; sourceTree = "<group>"; };
		A5E96E761E693B440093FD42 /* Base */ = {isa = PBXFileReference; lastKnownFileType = file.storyboard; name = Base; path = Base.lproj/LaunchScreen.storyboard; sourceTree = "<group>"; };
		A5E96E781E693B440093FD42 /* Info.plist */ = {isa = PBXFileReference; lastKnownFileType = text.plist.xml; path = Info.plist; sourceTree = "<group>"; };
		A5E96E7D1E693B440093FD42 /* ZHModel_DemoTests.xctest */ = {isa = PBXFileReference; explicitFileType = wrapper.cfbundle; includeInIndex = 0; path = ZHModel_DemoTests.xctest; sourceTree = BUILT_PRODUCTS_DIR; };
		A5E96E811E693B440093FD42 /* ZHModel_DemoTests.m */ = {isa = PBXFileReference; lastKnownFileType = sourcecode.c.objc; path = ZHModel_DemoTests.m; sourceTree = "<group>"; };
		A5E96E831E693B440093FD42 /* Info.plist */ = {isa = PBXFileReference; lastKnownFileType = text.plist.xml; path = Info.plist; sourceTree = "<group>"; };
		A5E96E921E69438C0093FD42 /* ZHResponseBaseModel.h */ = {isa = PBXFileReference; fileEncoding = 4; lastKnownFileType = sourcecode.c.h; path = ZHResponseBaseModel.h; sourceTree = "<group>"; };
		A5E96E931E69438C0093FD42 /* ZHResponseBaseModel.m */ = {isa = PBXFileReference; fileEncoding = 4; lastKnownFileType = sourcecode.c.objc; path = ZHResponseBaseModel.m; sourceTree = "<group>"; };
		A5E96E981E699E9E0093FD42 /* ZHParamBaseModel.h */ = {isa = PBXFileReference; fileEncoding = 4; lastKnownFileType = sourcecode.c.h; path = ZHParamBaseModel.h; sourceTree = "<group>"; };
		A5E96E991E699E9E0093FD42 /* ZHParamBaseModel.m */ = {isa = PBXFileReference; fileEncoding = 4; lastKnownFileType = sourcecode.c.objc; path = ZHParamBaseModel.m; sourceTree = "<group>"; };
		A5E96E9B1E699EE20093FD42 /* ZHViewBaseModel.h */ = {isa = PBXFileReference; fileEncoding = 4; lastKnownFileType = sourcecode.c.h; path = ZHViewBaseModel.h; sourceTree = "<group>"; };
		A5E96E9C1E699EE20093FD42 /* ZHViewBaseModel.m */ = {isa = PBXFileReference; fileEncoding = 4; lastKnownFileType = sourcecode.c.objc; path = ZHViewBaseModel.m; sourceTree = "<group>"; };
		A5E96EA31E69A94D0093FD42 /* ZHRequestMethod.h */ = {isa = PBXFileReference; fileEncoding = 4; lastKnownFileType = sourcecode.c.h; path = ZHRequestMethod.h; sourceTree = "<group>"; };
		A5E96EA41E69A94D0093FD42 /* ZHRequestMethod.m */ = {isa = PBXFileReference; fileEncoding = 4; lastKnownFileType = sourcecode.c.objc; path = ZHRequestMethod.m; sourceTree = "<group>"; };
		A5E96EAB1E69B10E0093FD42 /* Configure.h */ = {isa = PBXFileReference; fileEncoding = 4; lastKnownFileType = sourcecode.c.h; path = Configure.h; sourceTree = "<group>"; };
		A5E96EAD1E69C2D90093FD42 /* Type1ResponseModel.h */ = {isa = PBXFileReference; fileEncoding = 4; lastKnownFileType = sourcecode.c.h; path = Type1ResponseModel.h; sourceTree = "<group>"; };
		A5E96EAE1E69C2D90093FD42 /* Type1ResponseModel.m */ = {isa = PBXFileReference; fileEncoding = 4; lastKnownFileType = sourcecode.c.objc; path = Type1ResponseModel.m; sourceTree = "<group>"; };
		A5E96EB01E69C3070093FD42 /* Type2ResponseModel.h */ = {isa = PBXFileReference; fileEncoding = 4; lastKnownFileType = sourcecode.c.h; path = Type2ResponseModel.h; sourceTree = "<group>"; };
		A5E96EB11E69C3070093FD42 /* Type2ResponseModel.m */ = {isa = PBXFileReference; fileEncoding = 4; lastKnownFileType = sourcecode.c.objc; path = Type2ResponseModel.m; sourceTree = "<group>"; };
		A5E96EB31E69C3190093FD42 /* Type3ResponseModel.h */ = {isa = PBXFileReference; fileEncoding = 4; lastKnownFileType = sourcecode.c.h; path = Type3ResponseModel.h; sourceTree = "<group>"; };
		A5E96EB41E69C3190093FD42 /* Type3ResponseModel.m */ = {isa = PBXFileReference; fileEncoding = 4; lastKnownFileType = sourcecode.c.objc; path = Type3ResponseModel.m; sourceTree = "<group>"; };
		A5E96EB61E69C3A80093FD42 /* PublicViewBaseModel.h */ = {isa = PBXFileReference; fileEncoding = 4; lastKnownFileType = sourcecode.c.h; path = PublicViewBaseModel.h; sourceTree = "<group>"; };
		A5E96EB71E69C3A80093FD42 /* PublicViewBaseModel.m */ = {isa = PBXFileReference; fileEncoding = 4; lastKnownFileType = sourcecode.c.objc; path = PublicViewBaseModel.m; sourceTree = "<group>"; };
/* End PBXFileReference section */

/* Begin PBXFrameworksBuildPhase section */
		A5E96E611E693B440093FD42 /* Frameworks */ = {
			isa = PBXFrameworksBuildPhase;
			buildActionMask = 2147483647;
			files = (
			);
			runOnlyForDeploymentPostprocessing = 0;
		};
		A5E96E7A1E693B440093FD42 /* Frameworks */ = {
			isa = PBXFrameworksBuildPhase;
			buildActionMask = 2147483647;
			files = (
			);
			runOnlyForDeploymentPostprocessing = 0;
		};
/* End PBXFrameworksBuildPhase section */

/* Begin PBXGroup section */
		A5E96E5B1E693B440093FD42 = {
			isa = PBXGroup;
			children = (
				A5E96E661E693B440093FD42 /* ZHModel_Demo */,
				A5E96E801E693B440093FD42 /* ZHModel_DemoTests */,
				A5E96E651E693B440093FD42 /* Products */,
			);
			sourceTree = "<group>";
		};
		A5E96E651E693B440093FD42 /* Products */ = {
			isa = PBXGroup;
			children = (
				A5E96E641E693B440093FD42 /* ZHModel_Demo.app */,
				A5E96E7D1E693B440093FD42 /* ZHModel_DemoTests.xctest */,
			);
			name = Products;
			sourceTree = "<group>";
		};
		A5E96E661E693B440093FD42 /* ZHModel_Demo */ = {
			isa = PBXGroup;
			children = (
				A5E96E911E69433E0093FD42 /* ZHModel */,
				A5E96E9F1E69A8020093FD42 /* Classes */,
				A5E96E6A1E693B440093FD42 /* AppDelegate.h */,
				A5E96E6B1E693B440093FD42 /* AppDelegate.m */,
				A5E96E6D1E693B440093FD42 /* ViewController.h */,
				A5E96E6E1E693B440093FD42 /* ViewController.m */,
				A5E96E701E693B440093FD42 /* Main.storyboard */,
				A5E96E731E693B440093FD42 /* Assets.xcassets */,
				A5E96E751E693B440093FD42 /* LaunchScreen.storyboard */,
				A5E96E781E693B440093FD42 /* Info.plist */,
				A5E96E671E693B440093FD42 /* Supporting Files */,
			);
			path = ZHModel_Demo;
			sourceTree = "<group>";
		};
		A5E96E671E693B440093FD42 /* Supporting Files */ = {
			isa = PBXGroup;
			children = (
				A5E96E681E693B440093FD42 /* main.m */,
			);
			name = "Supporting Files";
			sourceTree = "<group>";
		};
		A5E96E801E693B440093FD42 /* ZHModel_DemoTests */ = {
			isa = PBXGroup;
			children = (
				A5E96E811E693B440093FD42 /* ZHModel_DemoTests.m */,
				A5E96E831E693B440093FD42 /* Info.plist */,
			);
			path = ZHModel_DemoTests;
			sourceTree = "<group>";
		};
		A5E96E911E69433E0093FD42 /* ZHModel */ = {
			isa = PBXGroup;
			children = (
				A5E96E921E69438C0093FD42 /* ZHResponseBaseModel.h */,
				A5E96E931E69438C0093FD42 /* ZHResponseBaseModel.m */,
				A5E96E981E699E9E0093FD42 /* ZHParamBaseModel.h */,
				A5E96E991E699E9E0093FD42 /* ZHParamBaseModel.m */,
				A5E96E9B1E699EE20093FD42 /* ZHViewBaseModel.h */,
				A5E96E9C1E699EE20093FD42 /* ZHViewBaseModel.m */,
			);
			path = ZHModel;
			sourceTree = "<group>";
		};
		A5E96E9F1E69A8020093FD42 /* Classes */ = {
			isa = PBXGroup;
			children = (
				A5E96EAA1E69B10E0093FD42 /* Config */,
				A5E96EAC1E69C2980093FD42 /* DIYMolel */,
				A5E96EA01E69A94D0093FD42 /* NetRequest */,
			);
			path = Classes;
			sourceTree = "<group>";
		};
		A5E96EA01E69A94D0093FD42 /* NetRequest */ = {
			isa = PBXGroup;
			children = (
				A5E96EA31E69A94D0093FD42 /* ZHRequestMethod.h */,
				A5E96EA41E69A94D0093FD42 /* ZHRequestMethod.m */,
			);
			path = NetRequest;
			sourceTree = "<group>";
		};
		A5E96EAA1E69B10E0093FD42 /* Config */ = {
			isa = PBXGroup;
			children = (
				A5E96EAB1E69B10E0093FD42 /* Configure.h */,
			);
			path = Config;
			sourceTree = "<group>";
		};
		A5E96EAC1E69C2980093FD42 /* DIYMolel */ = {
			isa = PBXGroup;
			children = (
				A5E96EAD1E69C2D90093FD42 /* Type1ResponseModel.h */,
				A5E96EAE1E69C2D90093FD42 /* Type1ResponseModel.m */,
				A5E96EB01E69C3070093FD42 /* Type2ResponseModel.h */,
				A5E96EB11E69C3070093FD42 /* Type2ResponseModel.m */,
				A5E96EB31E69C3190093FD42 /* Type3ResponseModel.h */,
				A5E96EB41E69C3190093FD42 /* Type3ResponseModel.m */,
				A5E96EB61E69C3A80093FD42 /* PublicViewBaseModel.h */,
				A5E96EB71E69C3A80093FD42 /* PublicViewBaseModel.m */,
			);
			path = DIYMolel;
			sourceTree = "<group>";
		};
/* End PBXGroup section */

/* Begin PBXNativeTarget section */
		A5E96E631E693B440093FD42 /* ZHModel_Demo */ = {
			isa = PBXNativeTarget;
			buildConfigurationList = A5E96E861E693B440093FD42 /* Build configuration list for PBXNativeTarget "ZHModel_Demo" */;
			buildPhases = (
				A5E96E601E693B440093FD42 /* Sources */,
				A5E96E611E693B440093FD42 /* Frameworks */,
				A5E96E621E693B440093FD42 /* Resources */,
			);
			buildRules = (
			);
			dependencies = (
			);
			name = ZHModel_Demo;
			productName = ZHModel_Demo;
			productReference = A5E96E641E693B440093FD42 /* ZHModel_Demo.app */;
			productType = "com.apple.product-type.application";
		};
		A5E96E7C1E693B440093FD42 /* ZHModel_DemoTests */ = {
			isa = PBXNativeTarget;
			buildConfigurationList = A5E96E891E693B440093FD42 /* Build configuration list for PBXNativeTarget "ZHModel_DemoTests" */;
			buildPhases = (
				A5E96E791E693B440093FD42 /* Sources */,
				A5E96E7A1E693B440093FD42 /* Frameworks */,
				A5E96E7B1E693B440093FD42 /* Resources */,
			);
			buildRules = (
			);
			dependencies = (
				A5E96E7F1E693B440093FD42 /* PBXTargetDependency */,
			);
			name = ZHModel_DemoTests;
			productName = ZHModel_DemoTests;
			productReference = A5E96E7D1E693B440093FD42 /* ZHModel_DemoTests.xctest */;
			productType = "com.apple.product-type.bundle.unit-test";
		};
/* End PBXNativeTarget section */

/* Begin PBXProject section */
		A5E96E5C1E693B440093FD42 /* Project object */ = {
			isa = PBXProject;
			attributes = {
				LastUpgradeCheck = 0820;
				ORGANIZATIONNAME = haofree;
				TargetAttributes = {
					A5E96E631E693B440093FD42 = {
						CreatedOnToolsVersion = 8.2.1;
						ProvisioningStyle = Automatic;
					};
					A5E96E7C1E693B440093FD42 = {
						CreatedOnToolsVersion = 8.2.1;
						ProvisioningStyle = Automatic;
						TestTargetID = A5E96E631E693B440093FD42;
					};
				};
			};
			buildConfigurationList = A5E96E5F1E693B440093FD42 /* Build configuration list for PBXProject "ZHModel_Demo" */;
			compatibilityVersion = "Xcode 3.2";
			developmentRegion = English;
			hasScannedForEncodings = 0;
			knownRegions = (
				en,
				Base,
			);
			mainGroup = A5E96E5B1E693B440093FD42;
			productRefGroup = A5E96E651E693B440093FD42 /* Products */;
			projectDirPath = "";
			projectRoot = "";
			targets = (
				A5E96E631E693B440093FD42 /* ZHModel_Demo */,
				A5E96E7C1E693B440093FD42 /* ZHModel_DemoTests */,
			);
		};
/* End PBXProject section */

/* Begin PBXResourcesBuildPhase section */
		A5E96E621E693B440093FD42 /* Resources */ = {
			isa = PBXResourcesBuildPhase;
			buildActionMask = 2147483647;
			files = (
				A5E96E771E693B440093FD42 /* LaunchScreen.storyboard in Resources */,
				A5E96E741E693B440093FD42 /* Assets.xcassets in Resources */,
				A5E96E721E693B440093FD42 /* Main.storyboard in Resources */,
			);
			runOnlyForDeploymentPostprocessing = 0;
		};
		A5E96E7B1E693B440093FD42 /* Resources */ = {
			isa = PBXResourcesBuildPhase;
			buildActionMask = 2147483647;
			files = (
			);
			runOnlyForDeploymentPostprocessing = 0;
		};
/* End PBXResourcesBuildPhase section */

/* Begin PBXSourcesBuildPhase section */
		A5E96E601E693B440093FD42 /* Sources */ = {
			isa = PBXSourcesBuildPhase;
			buildActionMask = 2147483647;
			files = (
				A5E96E9A1E699E9E0093FD42 /* ZHParamBaseModel.m in Sources */,
				A5E96E9D1E699EE20093FD42 /* ZHViewBaseModel.m in Sources */,
				A5E96EB51E69C3190093FD42 /* Type3ResponseModel.m in Sources */,
				A5E96EAF1E69C2D90093FD42 /* Type1ResponseModel.m in Sources */,
				A5E96E6F1E693B440093FD42 /* ViewController.m in Sources */,
				A5E96E941E69438C0093FD42 /* ZHResponseBaseModel.m in Sources */,
				A5E96EA61E69A94D0093FD42 /* ZHRequestMethod.m in Sources */,
				A5E96E6C1E693B440093FD42 /* AppDelegate.m in Sources */,
				A5E96E691E693B440093FD42 /* main.m in Sources */,
				A5E96EB21E69C3070093FD42 /* Type2ResponseModel.m in Sources */,
				A5E96EB81E69C3A80093FD42 /* PublicViewBaseModel.m in Sources */,
			);
			runOnlyForDeploymentPostprocessing = 0;
		};
		A5E96E791E693B440093FD42 /* Sources */ = {
			isa = PBXSourcesBuildPhase;
			buildActionMask = 2147483647;
			files = (
				A5E96E821E693B440093FD42 /* ZHModel_DemoTests.m in Sources */,
			);
			runOnlyForDeploymentPostprocessing = 0;
		};
/* End PBXSourcesBuildPhase section */

/* Begin PBXTargetDependency section */
		A5E96E7F1E693B440093FD42 /* PBXTargetDependency */ = {
			isa = PBXTargetDependency;
			target = A5E96E631E693B440093FD42 /* ZHModel_Demo */;
			targetProxy = A5E96E7E1E693B440093FD42 /* PBXContainerItemProxy */;
		};
/* End PBXTargetDependency section */

/* Begin PBXVariantGroup section */
		A5E96E701E693B440093FD42 /* Main.storyboard */ = {
			isa = PBXVariantGroup;
			children = (
				A5E96E711E693B440093FD42 /* Base */,
			);
			name = Main.storyboard;
			sourceTree = "<group>";
		};
		A5E96E751E693B440093FD42 /* LaunchScreen.storyboard */ = {
			isa = PBXVariantGroup;
			children = (
				A5E96E761E693B440093FD42 /* Base */,
			);
			name = LaunchScreen.storyboard;
			sourceTree = "<group>";
		};
/* End PBXVariantGroup section */

/* Begin XCBuildConfiguration section */
		A5E96E841E693B440093FD42 /* Debug */ = {
			isa = XCBuildConfiguration;
			buildSettings = {
				ALWAYS_SEARCH_USER_PATHS = NO;
				CLANG_ANALYZER_NONNULL = YES;
				CLANG_CXX_LANGUAGE_STANDARD = "gnu++0x";
				CLANG_CXX_LIBRARY = "libc++";
				CLANG_ENABLE_MODULES = YES;
				CLANG_ENABLE_OBJC_ARC = YES;
				CLANG_WARN_BOOL_CONVERSION = YES;
				CLANG_WARN_CONSTANT_CONVERSION = YES;
				CLANG_WARN_DIRECT_OBJC_ISA_USAGE = YES_ERROR;
				CLANG_WARN_DOCUMENTATION_COMMENTS = YES;
				CLANG_WARN_EMPTY_BODY = YES;
				CLANG_WARN_ENUM_CONVERSION = YES;
				CLANG_WARN_INFINITE_RECURSION = YES;
				CLANG_WARN_INT_CONVERSION = YES;
				CLANG_WARN_OBJC_ROOT_CLASS = YES_ERROR;
				CLANG_WARN_SUSPICIOUS_MOVE = YES;
				CLANG_WARN_UNREACHABLE_CODE = YES;
				CLANG_WARN__DUPLICATE_METHOD_MATCH = YES;
				"CODE_SIGN_IDENTITY[sdk=iphoneos*]" = "iPhone Developer";
				COPY_PHASE_STRIP = NO;
				DEBUG_INFORMATION_FORMAT = dwarf;
				ENABLE_STRICT_OBJC_MSGSEND = YES;
				ENABLE_TESTABILITY = YES;
				GCC_C_LANGUAGE_STANDARD = gnu99;
				GCC_DYNAMIC_NO_PIC = NO;
				GCC_NO_COMMON_BLOCKS = YES;
				GCC_OPTIMIZATION_LEVEL = 0;
				GCC_PREPROCESSOR_DEFINITIONS = (
					"DEBUG=1",
					"$(inherited)",
				);
				GCC_WARN_64_TO_32_BIT_CONVERSION = YES;
				GCC_WARN_ABOUT_RETURN_TYPE = YES_ERROR;
				GCC_WARN_UNDECLARED_SELECTOR = YES;
				GCC_WARN_UNINITIALIZED_AUTOS = YES_AGGRESSIVE;
				GCC_WARN_UNUSED_FUNCTION = YES;
				GCC_WARN_UNUSED_VARIABLE = YES;
				IPHONEOS_DEPLOYMENT_TARGET = 8.0;
				MTL_ENABLE_DEBUG_INFO = YES;
				ONLY_ACTIVE_ARCH = YES;
				SDKROOT = iphoneos;
			};
			name = Debug;
		};
		A5E96E851E693B440093FD42 /* Release */ = {
			isa = XCBuildConfiguration;
			buildSettings = {
				ALWAYS_SEARCH_USER_PATHS = NO;
				CLANG_ANALYZER_NONNULL = YES;
				CLANG_CXX_LANGUAGE_STANDARD = "gnu++0x";
				CLANG_CXX_LIBRARY = "libc++";
				CLANG_ENABLE_MODULES = YES;
				CLANG_ENABLE_OBJC_ARC = YES;
				CLANG_WARN_BOOL_CONVERSION = YES;
				CLANG_WARN_CONSTANT_CONVERSION = YES;
				CLANG_WARN_DIRECT_OBJC_ISA_USAGE = YES_ERROR;
				CLANG_WARN_DOCUMENTATION_COMMENTS = YES;
				CLANG_WARN_EMPTY_BODY = YES;
				CLANG_WARN_ENUM_CONVERSION = YES;
				CLANG_WARN_INFINITE_RECURSION = YES;
				CLANG_WARN_INT_CONVERSION = YES;
				CLANG_WARN_OBJC_ROOT_CLASS = YES_ERROR;
				CLANG_WARN_SUSPICIOUS_MOVE = YES;
				CLANG_WARN_UNREACHABLE_CODE = YES;
				CLANG_WARN__DUPLICATE_METHOD_MATCH = YES;
				"CODE_SIGN_IDENTITY[sdk=iphoneos*]" = "iPhone Developer";
				COPY_PHASE_STRIP = NO;
				DEBUG_INFORMATION_FORMAT = "dwarf-with-dsym";
				ENABLE_NS_ASSERTIONS = NO;
				ENABLE_STRICT_OBJC_MSGSEND = YES;
				GCC_C_LANGUAGE_STANDARD = gnu99;
				GCC_NO_COMMON_BLOCKS = YES;
				GCC_WARN_64_TO_32_BIT_CONVERSION = YES;
				GCC_WARN_ABOUT_RETURN_TYPE = YES_ERROR;
				GCC_WARN_UNDECLARED_SELECTOR = YES;
				GCC_WARN_UNINITIALIZED_AUTOS = YES_AGGRESSIVE;
				GCC_WARN_UNUSED_FUNCTION = YES;
				GCC_WARN_UNUSED_VARIABLE = YES;
				IPHONEOS_DEPLOYMENT_TARGET = 8.0;
				MTL_ENABLE_DEBUG_INFO = NO;
				SDKROOT = iphoneos;
				VALIDATE_PRODUCT = YES;
			};
			name = Release;
		};
		A5E96E871E693B440093FD42 /* Debug */ = {
			isa = XCBuildConfiguration;
			buildSettings = {
				ASSETCATALOG_COMPILER_APPICON_NAME = AppIcon;
				INFOPLIST_FILE = ZHModel_Demo/Info.plist;
				LD_RUNPATH_SEARCH_PATHS = "$(inherited) @executable_path/Frameworks";
				PRODUCT_BUNDLE_IDENTIFIER = "haofree.ZHModel-Demo";
				PRODUCT_NAME = "$(TARGET_NAME)";
			};
			name = Debug;
		};
		A5E96E881E693B440093FD42 /* Release */ = {
			isa = XCBuildConfiguration;
			buildSettings = {
				ASSETCATALOG_COMPILER_APPICON_NAME = AppIcon;
				INFOPLIST_FILE = ZHModel_Demo/Info.plist;
				LD_RUNPATH_SEARCH_PATHS = "$(inherited) @executable_path/Frameworks";
				PRODUCT_BUNDLE_IDENTIFIER = "haofree.ZHModel-Demo";
				PRODUCT_NAME = "$(TARGET_NAME)";
			};
			name = Release;
		};
		A5E96E8A1E693B440093FD42 /* Debug */ = {
			isa = XCBuildConfiguration;
			buildSettings = {
				BUNDLE_LOADER = "$(TEST_HOST)";
				INFOPLIST_FILE = ZHModel_DemoTests/Info.plist;
				LD_RUNPATH_SEARCH_PATHS = "$(inherited) @executable_path/Frameworks @loader_path/Frameworks";
				PRODUCT_BUNDLE_IDENTIFIER = "haofree.ZHModel-DemoTests";
				PRODUCT_NAME = "$(TARGET_NAME)";
				TEST_HOST = "$(BUILT_PRODUCTS_DIR)/ZHModel_Demo.app/ZHModel_Demo";
			};
			name = Debug;
		};
		A5E96E8B1E693B440093FD42 /* Release */ = {
			isa = XCBuildConfiguration;
			buildSettings = {
				BUNDLE_LOADER = "$(TEST_HOST)";
				INFOPLIST_FILE = ZHModel_DemoTests/Info.plist;
				LD_RUNPATH_SEARCH_PATHS = "$(inherited) @executable_path/Frameworks @loader_path/Frameworks";
				PRODUCT_BUNDLE_IDENTIFIER = "haofree.ZHModel-DemoTests";
				PRODUCT_NAME = "$(TARGET_NAME)";
				TEST_HOST = "$(BUILT_PRODUCTS_DIR)/ZHModel_Demo.app/ZHModel_Demo";
			};
			name = Release;
		};
/* End XCBuildConfiguration section */

/* Begin XCConfigurationList section */
		A5E96E5F1E693B440093FD42 /* Build configuration list for PBXProject "ZHModel_Demo" */ = {
			isa = XCConfigurationList;
			buildConfigurations = (
				A5E96E841E693B440093FD42 /* Debug */,
				A5E96E851E693B440093FD42 /* Release */,
			);
			defaultConfigurationIsVisible = 0;
			defaultConfigurationName = Release;
		};
		A5E96E861E693B440093FD42 /* Build configuration list for PBXNativeTarget "ZHModel_Demo" */ = {
			isa = XCConfigurationList;
			buildConfigurations = (
				A5E96E871E693B440093FD42 /* Debug */,
				A5E96E881E693B440093FD42 /* Release */,
			);
			defaultConfigurationIsVisible = 0;
			defaultConfigurationName = Release;
		};
		A5E96E891E693B440093FD42 /* Build configuration list for PBXNativeTarget "ZHModel_DemoTests" */ = {
			isa = XCConfigurationList;
			buildConfigurations = (
				A5E96E8A1E693B440093FD42 /* Debug */,
				A5E96E8B1E693B440093FD42 /* Release */,
			);
			defaultConfigurationIsVisible = 0;
			defaultConfigurationName = Release;
		};
/* End XCConfigurationList section */
	};
	rootObject = A5E96E5C1E693B440093FD42 /* Project object */;
}
